<?xml version="1.0" encoding="utf-8"?>
<Project ToolsVersion="4.0" xmlns="http://schemas.microsoft.com/developer/msbuild/2003">
  <ItemGroup>
    <Filter Include="源文件">
      <UniqueIdentifier>{4FC737F1-C7A5-4376-A066-2A32D752A2FF}</UniqueIdentifier>
      <Extensions>cpp;c;cc;cxx;c++;cppm;ixx;def;odl;idl;hpj;bat;asm;asmx</Extensions>
    </Filter>
    <Filter Include="头文件">
      <UniqueIdentifier>{93995380-89BD-4b04-88EB-625FBE52EBFB}</UniqueIdentifier>
      <Extensions>h;hh;hpp;hxx;h++;hm;inl;inc;ipp;xsd</Extensions>
    </Filter>
    <Filter Include="资源文件">
      <UniqueIdentifier>{67DA6AB6-F800-4c08-8B7A-83BB121AAD01}</UniqueIdentifier>
      <Extensions>rc;ico;cur;bmp;dlg;rc2;rct;bin;rgs;gif;jpg;jpeg;jpe;resx;tiff;tif;png;wav;mfcribbon-ms</Extensions>
    </Filter>
  </ItemGroup>
  <ItemGroup>
    <ClInclude Include="framework.h">
      <Filter>头文件</Filter>
    </ClInclude>
    <ClInclude Include="pch.h">
      <Filter>头文件</Filter>
    </ClInclude>
  </ItemGroup>
  <ItemGroup>
    <ClCompile Include="jutils.c">
      <Filter>源文件</Filter>
    </ClCompile>
    <ClCompile Include="jquant2.c">
      <Filter>源文件</Filter>
    </ClCompile>
    <ClCompile Include="jquant1.c">
      <Filter>源文件</Filter>
    </ClCompile>
    <ClCompile Include="jmemnobs.c">
      <Filter>源文件</Filter>
    </ClCompile>
    <ClCompile Include="jmemmgr.c">
      <Filter>源文件</Filter>
    </ClCompile>
    <ClCompile Include="jidctint.c">
      <Filter>源文件</Filter>
    </ClCompile>
    <ClCompile Include="jidctfst.c">
      <Filter>源文件</Filter>
    </ClCompile>
    <ClCompile Include="jidctflt.c">
      <Filter>源文件</Filter>
    </ClCompile>
    <ClCompile Include="jfdctint.c">
      <Filter>源文件</Filter>
    </ClCompile>
    <ClCompile Include="jfdctfst.c">
      <Filter>源文件</Filter>
    </ClCompile>
    <ClCompile Include="jfdctflt.c">
      <Filter>源文件</Filter>
    </ClCompile>
    <ClCompile Include="jerror.c">
      <Filter>源文件</Filter>
    </ClCompile>
    <ClCompile Include="jdtrans.c">
      <Filter>源文件</Filter>
    </ClCompile>
    <ClCompile Include="jdsample.c">
      <Filter>源文件</Filter>
    </ClCompile>
    <ClCompile Include="jdpostct.c">
      <Filter>源文件</Filter>
    </ClCompile>
    <ClCompile Include="jdmerge.c">
      <Filter>源文件</Filter>
    </ClCompile>
    <ClCompile Include="jdmaster.c">
      <Filter>源文件</Filter>
    </ClCompile>
    <ClCompile Include="jdmarker.c">
      <Filter>源文件</Filter>
    </ClCompile>
    <ClCompile Include="jdmainct.c">
      <Filter>源文件</Filter>
    </ClCompile>
    <ClCompile Include="jdinput.c">
      <Filter>源文件</Filter>
    </ClCompile>
    <ClCompile Include="jdhuff.c">
      <Filter>源文件</Filter>
    </ClCompile>
    <ClCompile Include="jddctmgr.c">
      <Filter>源文件</Filter>
    </ClCompile>
    <ClCompile Include="jdcolor.c">
      <Filter>源文件</Filter>
    </ClCompile>
    <ClCompile Include="jdcoefct.c">
      <Filter>源文件</Filter>
    </ClCompile>
    <ClCompile Include="jdatasrc.c">
      <Filter>源文件</Filter>
    </ClCompile>
    <ClCompile Include="jdatadst.c">
      <Filter>源文件</Filter>
    </ClCompile>
    <ClCompile Include="jdarith.c">
      <Filter>源文件</Filter>
    </ClCompile>
    <ClCompile Include="jdapistd.c">
      <Filter>源文件</Filter>
    </ClCompile>
    <ClCompile Include="jdapimin.c">
      <Filter>源文件</Filter>
    </ClCompile>
    <ClCompile Include="jctrans.c">
      <Filter>源文件</Filter>
    </ClCompile>
    <ClCompile Include="jcsample.c">
      <Filter>源文件</Filter>
    </ClCompile>
    <ClCompile Include="jcprepct.c">
      <Filter>源文件</Filter>
    </ClCompile>
    <ClCompile Include="jcparam.c">
      <Filter>源文件</Filter>
    </ClCompile>
    <ClCompile Include="jcomapi.c">
      <Filter>源文件</Filter>
    </ClCompile>
    <ClCompile Include="jcmaster.c">
      <Filter>源文件</Filter>
    </ClCompile>
    <ClCompile Include="jcmarker.c">
      <Filter>源文件</Filter>
    </ClCompile>
    <ClCompile Include="jcmainct.c">
      <Filter>源文件</Filter>
    </ClCompile>
    <ClCompile Include="jcinit.c">
      <Filter>源文件</Filter>
    </ClCompile>
    <ClCompile Include="jchuff.c">
      <Filter>源文件</Filter>
    </ClCompile>
    <ClCompile Include="jcdctmgr.c">
      <Filter>源文件</Filter>
    </ClCompile>
    <ClCompile Include="jccolor.c">
      <Filter>源文件</Filter>
    </ClCompile>
    <ClCompile Include="jccoefct.c">
      <Filter>源文件</Filter>
    </ClCompile>
    <ClCompile Include="jcarith.c">
      <Filter>源文件</Filter>
    </ClCompile>
    <ClCompile Include="jcapistd.c">
      <Filter>源文件</Filter>
    </ClCompile>
    <ClCompile Include="jcapimin.c">
      <Filter>源文件</Filter>
    </ClCompile>
    <ClCompile Include="jaricom.c">
      <Filter>源文件</Filter>
    </ClCompile>
  </ItemGroup>
</Project>