<?xml version="1.0" encoding="utf-8"?>
<Project ToolsVersion="4.0" xmlns="http://schemas.microsoft.com/developer/msbuild/2003">
  <ItemGroup>
    <Filter Include="export">
      <UniqueIdentifier>{cfaf0b27-8717-44ef-8574-059ffe693020}</UniqueIdentifier>
    </Filter>
    <Filter Include="log">
      <UniqueIdentifier>{55a8d733-2121-4bdf-891f-d8919921f09f}</UniqueIdentifier>
    </Filter>
    <Filter Include="tool">
      <UniqueIdentifier>{95b3fd2f-2133-4894-b9a8-56979f4f2360}</UniqueIdentifier>
    </Filter>
    <Filter Include="net">
      <UniqueIdentifier>{d66a49fa-c97b-4cb3-8e85-eec9b65087b3}</UniqueIdentifier>
    </Filter>
    <Filter Include="thirdpart">
      <UniqueIdentifier>{5d7af027-4dc4-4b66-89d6-cf168cbdda18}</UniqueIdentifier>
    </Filter>
    <Filter Include="thirdpart\jsoncpp">
      <UniqueIdentifier>{7f1ecee7-ead7-4323-8137-d6360aea565e}</UniqueIdentifier>
    </Filter>
    <Filter Include="net\OneBot">
      <UniqueIdentifier>{a0f04ad4-9bdd-4cfb-bb4c-ba3a8e1190c5}</UniqueIdentifier>
    </Filter>
    <Filter Include="plus">
      <UniqueIdentifier>{1f708222-9ed6-4bba-b72c-9a57b68e0f26}</UniqueIdentifier>
    </Filter>
    <Filter Include="center">
      <UniqueIdentifier>{0b381cab-1efe-42f8-84a0-fe223fbe3b14}</UniqueIdentifier>
    </Filter>
    <Filter Include="config">
      <UniqueIdentifier>{6b988444-e431-4e87-b896-5979eea6c043}</UniqueIdentifier>
    </Filter>
    <Filter Include="thirdpart\libpcre">
      <UniqueIdentifier>{526ced27-fa4e-4d29-acf7-f5ab3c0023b7}</UniqueIdentifier>
    </Filter>
    <Filter Include="net\MiraiHttp">
      <UniqueIdentifier>{82a63dad-631d-47bf-9be3-6b5cd34a5de9}</UniqueIdentifier>
    </Filter>
    <Filter Include="thirdpart\StackWalker">
      <UniqueIdentifier>{89d8b525-31f3-4b4b-bd6b-10607c5c635a}</UniqueIdentifier>
    </Filter>
    <Filter Include="mainprocess">
      <UniqueIdentifier>{e5b235b7-9bc1-4d1e-ae8d-6d92f1daf216}</UniqueIdentifier>
    </Filter>
    <Filter Include="plusprocess">
      <UniqueIdentifier>{d468bd48-aa9f-46e8-b7e4-b80b17a28cf2}</UniqueIdentifier>
    </Filter>
    <Filter Include="scriptrun">
      <UniqueIdentifier>{4a1546ee-f0dd-43d8-8025-1fc94a91b27c}</UniqueIdentifier>
    </Filter>
    <Filter Include="net\OneBot12">
      <UniqueIdentifier>{6ca01032-6fe1-405a-82d0-73290d33afc5}</UniqueIdentifier>
    </Filter>
    <Filter Include="ipcprocess">
      <UniqueIdentifier>{a7eae0a1-0531-402b-8523-87e2fdd55a46}</UniqueIdentifier>
    </Filter>
  </ItemGroup>
  <ItemGroup>
    <ClCompile Include="log\MiraiLog.cpp">
      <Filter>log</Filter>
    </ClCompile>
    <ClCompile Include="tool\PathTool.cpp">
      <Filter>tool</Filter>
    </ClCompile>
    <ClCompile Include="net\MiraiNet.cpp">
      <Filter>net</Filter>
    </ClCompile>
    <ClCompile Include="tool\StrTool.cpp">
      <Filter>tool</Filter>
    </ClCompile>
    <ClCompile Include="tool\EmojiTool.cpp">
      <Filter>tool</Filter>
    </ClCompile>
    <ClCompile Include="thirdpart\include\jsoncpp\json_reader.cpp">
      <Filter>thirdpart\jsoncpp</Filter>
    </ClCompile>
    <ClCompile Include="thirdpart\include\jsoncpp\json_value.cpp">
      <Filter>thirdpart\jsoncpp</Filter>
    </ClCompile>
    <ClCompile Include="thirdpart\include\jsoncpp\json_writer.cpp">
      <Filter>thirdpart\jsoncpp</Filter>
    </ClCompile>
    <ClCompile Include="net\OneBot\OneBotImpl.cpp">
      <Filter>net\OneBot</Filter>
    </ClCompile>
    <ClCompile Include="net\OneBot\OneBotEventDeal.cpp">
      <Filter>net\OneBot</Filter>
    </ClCompile>
    <ClCompile Include="net\OneBot\OneBotApiDeal.cpp">
      <Filter>net\OneBot</Filter>
    </ClCompile>
    <ClCompile Include="tool\TimeTool.cpp">
      <Filter>tool</Filter>
    </ClCompile>
    <ClCompile Include="plus\MiraiPlus.cpp">
      <Filter>plus</Filter>
    </ClCompile>
    <ClCompile Include="center\center.cpp">
      <Filter>center</Filter>
    </ClCompile>
    <ClCompile Include="center\api.cpp">
      <Filter>center</Filter>
    </ClCompile>
    <ClCompile Include="center\event.cpp">
      <Filter>center</Filter>
    </ClCompile>
    <ClCompile Include="tool\BinTool.cpp">
      <Filter>tool</Filter>
    </ClCompile>
    <ClCompile Include="tool\ImgTool.cpp">
      <Filter>tool</Filter>
    </ClCompile>
    <ClCompile Include="config\config.cpp">
      <Filter>config</Filter>
    </ClCompile>
    <ClCompile Include="tool\InputTool.cpp">
      <Filter>tool</Filter>
    </ClCompile>
    <ClCompile Include="thirdpart\include\libpcre\pcre_byte_order.c">
      <Filter>thirdpart\libpcre</Filter>
    </ClCompile>
    <ClCompile Include="thirdpart\include\libpcre\pcre_compile.c">
      <Filter>thirdpart\libpcre</Filter>
    </ClCompile>
    <ClCompile Include="thirdpart\include\libpcre\pcre_config.c">
      <Filter>thirdpart\libpcre</Filter>
    </ClCompile>
    <ClCompile Include="thirdpart\include\libpcre\pcre_dfa_exec.c">
      <Filter>thirdpart\libpcre</Filter>
    </ClCompile>
    <ClCompile Include="thirdpart\include\libpcre\pcre_exec.c">
      <Filter>thirdpart\libpcre</Filter>
    </ClCompile>
    <ClCompile Include="thirdpart\include\libpcre\pcre_fullinfo.c">
      <Filter>thirdpart\libpcre</Filter>
    </ClCompile>
    <ClCompile Include="thirdpart\include\libpcre\pcre_get.c">
      <Filter>thirdpart\libpcre</Filter>
    </ClCompile>
    <ClCompile Include="thirdpart\include\libpcre\pcre_globals.c">
      <Filter>thirdpart\libpcre</Filter>
    </ClCompile>
    <ClCompile Include="thirdpart\include\libpcre\pcre_maketables.c">
      <Filter>thirdpart\libpcre</Filter>
    </ClCompile>
    <ClCompile Include="thirdpart\include\libpcre\pcre_newline.c">
      <Filter>thirdpart\libpcre</Filter>
    </ClCompile>
    <ClCompile Include="thirdpart\include\libpcre\pcre_ord2utf8.c">
      <Filter>thirdpart\libpcre</Filter>
    </ClCompile>
    <ClCompile Include="thirdpart\include\libpcre\pcre_refcount.c">
      <Filter>thirdpart\libpcre</Filter>
    </ClCompile>
    <ClCompile Include="thirdpart\include\libpcre\pcre_string_utils.c">
      <Filter>thirdpart\libpcre</Filter>
    </ClCompile>
    <ClCompile Include="thirdpart\include\libpcre\pcre_study.c">
      <Filter>thirdpart\libpcre</Filter>
    </ClCompile>
    <ClCompile Include="thirdpart\include\libpcre\pcre_tables.c">
      <Filter>thirdpart\libpcre</Filter>
    </ClCompile>
    <ClCompile Include="thirdpart\include\libpcre\pcre_ucd.c">
      <Filter>thirdpart\libpcre</Filter>
    </ClCompile>
    <ClCompile Include="thirdpart\include\libpcre\pcre_valid_utf8.c">
      <Filter>thirdpart\libpcre</Filter>
    </ClCompile>
    <ClCompile Include="thirdpart\include\libpcre\pcre_version.c">
      <Filter>thirdpart\libpcre</Filter>
    </ClCompile>
    <ClCompile Include="thirdpart\include\libpcre\pcre_xclass.c">
      <Filter>thirdpart\libpcre</Filter>
    </ClCompile>
    <ClCompile Include="thirdpart\include\libpcre\pcre_jit_compile.c">
      <Filter>thirdpart\libpcre</Filter>
    </ClCompile>
    <ClCompile Include="thirdpart\include\libpcre\pcre_chartables.c">
      <Filter>thirdpart\libpcre</Filter>
    </ClCompile>
    <ClCompile Include="net\MiraiHttp\MiraiHttpImpl.cpp">
      <Filter>net\MiraiHttp</Filter>
    </ClCompile>
    <ClCompile Include="net\MiraiHttp\MiraiHttpApiDeal.cpp">
      <Filter>net\MiraiHttp</Filter>
    </ClCompile>
    <ClCompile Include="net\MiraiHttp\MiraiHttpEventDeal.cpp">
      <Filter>net\MiraiHttp</Filter>
    </ClCompile>
    <ClCompile Include="tool\MsgIdTool.cpp">
      <Filter>tool</Filter>
    </ClCompile>
    <ClCompile Include="thirdpart\include\StackWalker\BaseException.cpp">
      <Filter>thirdpart\StackWalker</Filter>
    </ClCompile>
    <ClCompile Include="thirdpart\include\StackWalker\StackWalker.cpp">
      <Filter>thirdpart\StackWalker</Filter>
    </ClCompile>
    <ClCompile Include="tool\ThreadTool.cpp">
      <Filter>tool</Filter>
    </ClCompile>
    <ClCompile Include="test_ipc.cpp">
      <Filter>export</Filter>
    </ClCompile>
    <ClCompile Include="mainprocess\mainprocess.cpp">
      <Filter>mainprocess</Filter>
    </ClCompile>
    <ClCompile Include="plusprocess\plusprocess.cpp">
      <Filter>plusprocess</Filter>
    </ClCompile>
    <ClCompile Include="tool\IPCTool.cpp">
      <Filter>tool</Filter>
    </ClCompile>
    <ClCompile Include="plusprocess\cqpexport.cpp">
      <Filter>plusprocess</Filter>
    </ClCompile>
    <ClCompile Include="mainprocess\dealapi.cpp">
      <Filter>mainprocess</Filter>
    </ClCompile>
    <ClCompile Include="mainprocess\settingDlg.cpp">
      <Filter>mainprocess</Filter>
    </ClCompile>
    <ClCompile Include="center\ex_event.cpp">
      <Filter>center</Filter>
    </ClCompile>
    <ClCompile Include="tool\AutoDoSth.cpp">
      <Filter>tool</Filter>
    </ClCompile>
    <ClCompile Include="net\OneBot12\OneBot12ApiDeal.cpp">
      <Filter>net\OneBot12</Filter>
    </ClCompile>
    <ClCompile Include="net\OneBot12\OneBot12EventDeal.cpp">
      <Filter>net\OneBot12</Filter>
    </ClCompile>
    <ClCompile Include="net\OneBot12\OneBot12Impl.cpp">
      <Filter>net\OneBot12</Filter>
    </ClCompile>
    <ClCompile Include="ipcprocess\ipcprocess.cpp">
      <Filter>ipcprocess</Filter>
    </ClCompile>
    <ClCompile Include="center\InputStream.cpp">
      <Filter>center</Filter>
    </ClCompile>
  </ItemGroup>
  <ItemGroup>
    <ClInclude Include="log\MiraiLog.h">
      <Filter>log</Filter>
    </ClInclude>
    <ClInclude Include="tool\PathTool.h">
      <Filter>tool</Filter>
    </ClInclude>
    <ClInclude Include="net\MiraiNet.h">
      <Filter>net</Filter>
    </ClInclude>
    <ClInclude Include="tool\StrTool.h">
      <Filter>tool</Filter>
    </ClInclude>
    <ClInclude Include="tool\EmojiTool.h">
      <Filter>tool</Filter>
    </ClInclude>
    <ClInclude Include="net\OneBot\OneBotImpl.h">
      <Filter>net\OneBot</Filter>
    </ClInclude>
    <ClInclude Include="net\OneBot\OneBotEventDeal.h">
      <Filter>net\OneBot</Filter>
    </ClInclude>
    <ClInclude Include="net\OneBot\OneBotApiDeal.h">
      <Filter>net\OneBot</Filter>
    </ClInclude>
    <ClInclude Include="tool\TimeTool.h">
      <Filter>tool</Filter>
    </ClInclude>
    <ClInclude Include="plus\MiraiPlus.h">
      <Filter>plus</Filter>
    </ClInclude>
    <ClInclude Include="center\center.h">
      <Filter>center</Filter>
    </ClInclude>
    <ClInclude Include="tool\BinTool.h">
      <Filter>tool</Filter>
    </ClInclude>
    <ClInclude Include="tool\ImgTool.h">
      <Filter>tool</Filter>
    </ClInclude>
    <ClInclude Include="config\config.h">
      <Filter>config</Filter>
    </ClInclude>
    <ClInclude Include="tool\InputTool.h">
      <Filter>tool</Filter>
    </ClInclude>
    <ClInclude Include="net\MiraiHttp\MiraiHttpImpl.h">
      <Filter>net\MiraiHttp</Filter>
    </ClInclude>
    <ClInclude Include="net\MiraiHttp\MiraiHttpApiDeal.h">
      <Filter>net\MiraiHttp</Filter>
    </ClInclude>
    <ClInclude Include="net\MiraiHttp\MiraiHttpEventDeal.h">
      <Filter>net\MiraiHttp</Filter>
    </ClInclude>
    <ClInclude Include="tool\MsgIdTool.h">
      <Filter>tool</Filter>
    </ClInclude>
    <ClInclude Include="tool\ThreadTool.h">
      <Filter>tool</Filter>
    </ClInclude>
    <ClInclude Include="mainprocess\mainprocess.h">
      <Filter>mainprocess</Filter>
    </ClInclude>
    <ClInclude Include="plusprocess\plusprocess.h">
      <Filter>plusprocess</Filter>
    </ClInclude>
    <ClInclude Include="tool\IPCTool.h">
      <Filter>tool</Filter>
    </ClInclude>
    <ClInclude Include="resource.h" />
    <ClInclude Include="mainprocess\dealapi.h">
      <Filter>mainprocess</Filter>
    </ClInclude>
    <ClInclude Include="mainprocess\settingDlg.h">
      <Filter>mainprocess</Filter>
    </ClInclude>
    <ClInclude Include="tool\BlockQueue.h">
      <Filter>tool</Filter>
    </ClInclude>
    <ClInclude Include="tool\ThreadSafeMap.h">
      <Filter>tool</Filter>
    </ClInclude>
    <ClInclude Include="tool\AutoDoSth.h">
      <Filter>tool</Filter>
    </ClInclude>
    <ClInclude Include="net\OneBot12\OneBot12ApiDeal.h">
      <Filter>net\OneBot12</Filter>
    </ClInclude>
    <ClInclude Include="net\OneBot12\OneBot12EventDeal.h">
      <Filter>net\OneBot12</Filter>
    </ClInclude>
    <ClInclude Include="net\OneBot12\OneBot12Impl.h">
      <Filter>net\OneBot12</Filter>
    </ClInclude>
    <ClInclude Include="ipcprocess\ipcprocess.h">
      <Filter>ipcprocess</Filter>
    </ClInclude>
    <ClInclude Include="center\InputStream.h">
      <Filter>center</Filter>
    </ClInclude>
  </ItemGroup>
  <ItemGroup>
    <None Include="..\CQP_BIN\CQP.dll" />
    <None Include="plusprocess\cqpexport.def">
      <Filter>plusprocess</Filter>
    </None>
    <None Include="debug_tip.json" />
    <None Include="JSON.lua" />
  </ItemGroup>
  <ItemGroup>
    <ResourceCompile Include="MiraiCQ.rc" />
  </ItemGroup>
  <ItemGroup>
    <Image Include="luna_sama.bmp" />
    <Image Include="MiraiCQ.ico" />
  </ItemGroup>
</Project>