
Microsoft Visual Studio Solution File, Format Version 12.00
# Visual Studio Version 17
VisualStudioVersion = 17.0.32014.148
MinimumVisualStudioVersion = 10.0.40219.1
Project("{8BC9CEB8-8B4A-11D0-8D11-00A0C91BC942}") = "MiraiCQ", "MiraiCQ\MiraiCQ.vcxproj", "{B5F83780-0BEE-45BF-B3E8-54715796CF96}"
	ProjectSection(ProjectDependencies) = postProject
		{6AA81CC8-5E10-4869-AA37-DFB362AEEA5F} = {6AA81CC8-5E10-4869-AA37-DFB362AEEA5F}
		{E070AAFC-9D03-41A3-BC7D-30887EA0D50F} = {E070AAFC-9D03-41A3-BC7D-30887EA0D50F}
	EndProjectSection
EndProject
Project("{8BC9CEB8-8B4A-11D0-8D11-00A0C91BC942}") = "CQP", "CQP\CQP.vcxproj", "{6AA81CC8-5E10-4869-AA37-DFB362AEEA5F}"
EndProject
Project("{8BC9CEB8-8B4A-11D0-8D11-00A0C91BC942}") = "fltk", "MiraiCQ\thirdpart\include\fltk-1.3.8\ide\VisualC2010\fltk.lib.vcxproj", "{E070AAFC-9D03-41A3-BC7D-30887EA0D50F}"
	ProjectSection(ProjectDependencies) = postProject
		{A5FDC853-6EC7-4C36-BCCF-A89B1F3B1A98} = {A5FDC853-6EC7-4C36-BCCF-A89B1F3B1A98}
	EndProjectSection
EndProject
Project("{8BC9CEB8-8B4A-11D0-8D11-00A0C91BC942}") = "libjpeg", "MiraiCQ\thirdpart\include\libjpeg\libjpeg.vcxproj", "{A5FDC853-6EC7-4C36-BCCF-A89B1F3B1A98}"
EndProject
Global
	GlobalSection(SolutionConfigurationPlatforms) = preSolution
		Debug|x64 = Debug|x64
		Debug|x86 = Debug|x86
		Release|x64 = Release|x64
		Release|x86 = Release|x86
	EndGlobalSection
	GlobalSection(ProjectConfigurationPlatforms) = postSolution
		{B5F83780-0BEE-45BF-B3E8-54715796CF96}.Debug|x64.ActiveCfg = Debug|Win32
		{B5F83780-0BEE-45BF-B3E8-54715796CF96}.Debug|x64.Build.0 = Debug|Win32
		{B5F83780-0BEE-45BF-B3E8-54715796CF96}.Debug|x86.ActiveCfg = Debug|Win32
		{B5F83780-0BEE-45BF-B3E8-54715796CF96}.Debug|x86.Build.0 = Debug|Win32
		{B5F83780-0BEE-45BF-B3E8-54715796CF96}.Release|x64.ActiveCfg = Release|Win32
		{B5F83780-0BEE-45BF-B3E8-54715796CF96}.Release|x64.Build.0 = Release|Win32
		{B5F83780-0BEE-45BF-B3E8-54715796CF96}.Release|x86.ActiveCfg = Release|Win32
		{B5F83780-0BEE-45BF-B3E8-54715796CF96}.Release|x86.Build.0 = Release|Win32
		{6AA81CC8-5E10-4869-AA37-DFB362AEEA5F}.Debug|x64.ActiveCfg = Debug|Win32
		{6AA81CC8-5E10-4869-AA37-DFB362AEEA5F}.Debug|x64.Build.0 = Debug|Win32
		{6AA81CC8-5E10-4869-AA37-DFB362AEEA5F}.Debug|x86.ActiveCfg = Debug|Win32
		{6AA81CC8-5E10-4869-AA37-DFB362AEEA5F}.Debug|x86.Build.0 = Debug|Win32
		{6AA81CC8-5E10-4869-AA37-DFB362AEEA5F}.Release|x64.ActiveCfg = Release|Win32
		{6AA81CC8-5E10-4869-AA37-DFB362AEEA5F}.Release|x64.Build.0 = Release|Win32
		{6AA81CC8-5E10-4869-AA37-DFB362AEEA5F}.Release|x86.ActiveCfg = Release|Win32
		{6AA81CC8-5E10-4869-AA37-DFB362AEEA5F}.Release|x86.Build.0 = Release|Win32
		{E070AAFC-9D03-41A3-BC7D-30887EA0D50F}.Debug|x64.ActiveCfg = Debug|Win32
		{E070AAFC-9D03-41A3-BC7D-30887EA0D50F}.Debug|x64.Build.0 = Debug|Win32
		{E070AAFC-9D03-41A3-BC7D-30887EA0D50F}.Debug|x86.ActiveCfg = Debug|Win32
		{E070AAFC-9D03-41A3-BC7D-30887EA0D50F}.Debug|x86.Build.0 = Debug|Win32
		{E070AAFC-9D03-41A3-BC7D-30887EA0D50F}.Release|x64.ActiveCfg = Release|Win32
		{E070AAFC-9D03-41A3-BC7D-30887EA0D50F}.Release|x64.Build.0 = Release|Win32
		{E070AAFC-9D03-41A3-BC7D-30887EA0D50F}.Release|x86.ActiveCfg = Release|Win32
		{E070AAFC-9D03-41A3-BC7D-30887EA0D50F}.Release|x86.Build.0 = Release|Win32
		{A5FDC853-6EC7-4C36-BCCF-A89B1F3B1A98}.Debug|x64.ActiveCfg = Debug|x64
		{A5FDC853-6EC7-4C36-BCCF-A89B1F3B1A98}.Debug|x64.Build.0 = Debug|x64
		{A5FDC853-6EC7-4C36-BCCF-A89B1F3B1A98}.Debug|x86.ActiveCfg = Debug|Win32
		{A5FDC853-6EC7-4C36-BCCF-A89B1F3B1A98}.Debug|x86.Build.0 = Debug|Win32
		{A5FDC853-6EC7-4C36-BCCF-A89B1F3B1A98}.Release|x64.ActiveCfg = Release|x64
		{A5FDC853-6EC7-4C36-BCCF-A89B1F3B1A98}.Release|x64.Build.0 = Release|x64
		{A5FDC853-6EC7-4C36-BCCF-A89B1F3B1A98}.Release|x86.ActiveCfg = Release|Win32
		{A5FDC853-6EC7-4C36-BCCF-A89B1F3B1A98}.Release|x86.Build.0 = Release|Win32
	EndGlobalSection
	GlobalSection(SolutionProperties) = preSolution
		HideSolutionNode = FALSE
	EndGlobalSection
	GlobalSection(ExtensibilityGlobals) = postSolution
		SolutionGuid = {B7DD1B4D-B169-450C-9E4C-97DCEF8E499B}
	EndGlobalSection
EndGlobal
